
Microsoft Visual Studio Solution File, Format Version 12.00
# Visual Studio Version 16
VisualStudioVersion = 16.0.30114.105
MinimumVisualStudioVersion = 10.0.40219.1
Project("{FAE04EC0-301F-11D3-BF4B-00C04F79EFBC}") = "BrainFck.App", "BrainFck.App\BrainFck.App.csproj", "{0F55C6B9-65F8-40B0-A78B-DFE21A5D734B}"
EndProject
Project("{FAE04EC0-301F-11D3-BF4B-00C04F79EFBC}") = "BrainFck.Core", "BrainFck.Core\BrainFck.Core.csproj", "{7C332B9A-5D31-4DDE-800C-1C7191BBA29B}"
EndProject
Global
	GlobalSection(SolutionConfigurationPlatforms) = preSolution
		Debug|Any CPU = Debug|Any CPU
		Debug|x64 = Debug|x64
		Debug|x86 = Debug|x86
		Release|Any CPU = Release|Any CPU
		Release|x64 = Release|x64
		Release|x86 = Release|x86
	EndGlobalSection
	GlobalSection(SolutionProperties) = preSolution
		HideSolutionNode = FALSE
	EndGlobalSection
	GlobalSection(ProjectConfigurationPlatforms) = postSolution
		{0F55C6B9-65F8-40B0-A78B-DFE21A5D734B}.Debug|Any CPU.ActiveCfg = Debug|Any CPU
		{0F55C6B9-65F8-40B0-A78B-DFE21A5D734B}.Debug|Any CPU.Build.0 = Debug|Any CPU
		{0F55C6B9-65F8-40B0-A78B-DFE21A5D734B}.Debug|x64.ActiveCfg = Debug|Any CPU
		{0F55C6B9-65F8-40B0-A78B-DFE21A5D734B}.Debug|x64.Build.0 = Debug|Any CPU
		{0F55C6B9-65F8-40B0-A78B-DFE21A5D734B}.Debug|x86.ActiveCfg = Debug|Any CPU
		{0F55C6B9-65F8-40B0-A78B-DFE21A5D734B}.Debug|x86.Build.0 = Debug|Any CPU
		{0F55C6B9-65F8-40B0-A78B-DFE21A5D734B}.Release|Any CPU.ActiveCfg = Release|Any CPU
		{0F55C6B9-65F8-40B0-A78B-DFE21A5D734B}.Release|Any CPU.Build.0 = Release|Any CPU
		{0F55C6B9-65F8-40B0-A78B-DFE21A5D734B}.Release|x64.ActiveCfg = Release|Any CPU
		{0F55C6B9-65F8-40B0-A78B-DFE21A5D734B}.Release|x64.Build.0 = Release|Any CPU
		{0F55C6B9-65F8-40B0-A78B-DFE21A5D734B}.Release|x86.ActiveCfg = Release|Any CPU
		{0F55C6B9-65F8-40B0-A78B-DFE21A5D734B}.Release|x86.Build.0 = Release|Any CPU
		{7C332B9A-5D31-4DDE-800C-1C7191BBA29B}.Debug|Any CPU.ActiveCfg = Debug|Any CPU
		{7C332B9A-5D31-4DDE-800C-1C7191BBA29B}.Debug|Any CPU.Build.0 = Debug|Any CPU
		{7C332B9A-5D31-4DDE-800C-1C7191BBA29B}.Debug|x64.ActiveCfg = Debug|Any CPU
		{7C332B9A-5D31-4DDE-800C-1C7191BBA29B}.Debug|x64.Build.0 = Debug|Any CPU
		{7C332B9A-5D31-4DDE-800C-1C7191BBA29B}.Debug|x86.ActiveCfg = Debug|Any CPU
		{7C332B9A-5D31-4DDE-800C-1C7191BBA29B}.Debug|x86.Build.0 = Debug|Any CPU
		{7C332B9A-5D31-4DDE-800C-1C7191BBA29B}.Release|Any CPU.ActiveCfg = Release|Any CPU
		{7C332B9A-5D31-4DDE-800C-1C7191BBA29B}.Release|Any CPU.Build.0 = Release|Any CPU
		{7C332B9A-5D31-4DDE-800C-1C7191BBA29B}.Release|x64.ActiveCfg = Release|Any CPU
		{7C332B9A-5D31-4DDE-800C-1C7191BBA29B}.Release|x64.Build.0 = Release|Any CPU
		{7C332B9A-5D31-4DDE-800C-1C7191BBA29B}.Release|x86.ActiveCfg = Release|Any CPU
		{7C332B9A-5D31-4DDE-800C-1C7191BBA29B}.Release|x86.Build.0 = Release|Any CPU
	EndGlobalSection
EndGlobal
